
Microsoft Visual Studio Solution File, Format Version 12.00
# Visual Studio 15
VisualStudioVersion = 15.0.28307.902
MinimumVisualStudioVersion = 10.0.40219.1
Project("{FAE04EC0-301F-11D3-BF4B-00C04F79EFBC}") = "Exerc_123", "Exerc_123\Exerc_123.csproj", "{6439749B-796E-42A7-AEAE-7FA3FF73B002}"
EndProject
Global
	GlobalSection(SolutionConfigurationPlatforms) = preSolution
		Debug|Any CPU = Debug|Any CPU
		Release|Any CPU = Release|Any CPU
	EndGlobalSection
	GlobalSection(ProjectConfigurationPlatforms) = postSolution
		{6439749B-796E-42A7-AEAE-7FA3FF73B002}.Debug|Any CPU.ActiveCfg = Debug|Any CPU
		{6439749B-796E-42A7-AEAE-7FA3FF73B002}.Debug|Any CPU.Build.0 = Debug|Any CPU
		{6439749B-796E-42A7-AEAE-7FA3FF73B002}.Release|Any CPU.ActiveCfg = Release|Any CPU
		{6439749B-796E-42A7-AEAE-7FA3FF73B002}.Release|Any CPU.Build.0 = Release|Any CPU
	EndGlobalSection
	GlobalSection(SolutionProperties) = preSolution
		HideSolutionNode = FALSE
	EndGlobalSection
	GlobalSection(ExtensibilityGlobals) = postSolution
		SolutionGuid = {D0D28A83-20F5-43C8-B64B-2EB9383BB164}
	EndGlobalSection
EndGlobal
